
Microsoft Visual Studio Solution File, Format Version 12.00
# Visual Studio Version 17
VisualStudioVersion = 17.0.31903.59
MinimumVisualStudioVersion = 10.0.40219.1
Project("{2150E333-8FDC-42A3-9474-1A3956D46DE8}") = "src", "src", "{0115D210-9520-462E-B47C-111C1C9A75DF}"
EndProject
Project("{2150E333-8FDC-42A3-9474-1A3956D46DE8}") = "Domain", "Domain", "{410D1DC9-1D2C-4F10-BFC6-8936ABE015F6}"
EndProject
Project("{FAE04EC0-301F-11D3-BF4B-00C04F79EFBC}") = "CqrsProject.Common", "src\Domain\CqrsProject.Common\CqrsProject.Common.csproj", "{255617B1-3D49-4F3E-A03A-4D9D06080528}"
EndProject
Project("{FAE04EC0-301F-11D3-BF4B-00C04F79EFBC}") = "CqrsProject.Core", "src\Domain\CqrsProject.Core\CqrsProject.Core.csproj", "{BEF167FB-92DC-4A1E-8482-93CB0F8566D9}"
EndProject
Project("{2150E333-8FDC-42A3-9474-1A3956D46DE8}") = "Infrastructure", "Infrastructure", "{4B9FE393-8B1D-4DE1-9826-20D2128EAE57}"
EndProject
Project("{FAE04EC0-301F-11D3-BF4B-00C04F79EFBC}") = "CqrsProject.Postegre", "src\Infrastructure\CqrsProject.Postegre\CqrsProject.Postegre.csproj", "{C60C05A9-09E2-4123-897C-9F0BA3EAA83E}"
EndProject
Project("{2150E333-8FDC-42A3-9474-1A3956D46DE8}") = "Application", "Application", "{78FEA480-88FB-412A-977A-E0648E1351FD}"
EndProject
Project("{FAE04EC0-301F-11D3-BF4B-00C04F79EFBC}") = "CqrsProject.App.DbMigrator", "src\Application\CqrsProject.App.DbMigrator\CqrsProject.App.DbMigrator.csproj", "{18F54A30-FF98-435E-982E-3C4A21ABF5C7}"
EndProject
Project("{FAE04EC0-301F-11D3-BF4B-00C04F79EFBC}") = "CqrsProject.App.RestServer", "src\Application\CqrsProject.App.RestServer\CqrsProject.App.RestServer.csproj", "{0BE41AA5-4868-417E-83FC-8D863391BCD7}"
EndProject
Project("{2150E333-8FDC-42A3-9474-1A3956D46DE8}") = "CqrsProject.CustomResourceWriter", "CqrsProject.CustomResourceWriter", "{A6381C6B-0B92-4528-AE94-0FE82492DAA9}"
EndProject
Project("{FAE04EC0-301F-11D3-BF4B-00C04F79EFBC}") = "CqrsProject.CustomResourceWriter", "src\Infrastructure\CqrsProject.CustomResourceWriter\CqrsProject.CustomResourceWriter.csproj", "{118B086B-977C-4F6E-AFEE-DD15EDA78F28}"
EndProject
Project("{FAE04EC0-301F-11D3-BF4B-00C04F79EFBC}") = "CqrsProject.Auth0", "src\Infrastructure\CqrsProject.Auth0\CqrsProject.Auth0.csproj", "{412F48FF-8BE7-4290-B2C2-D0A8C21720D2}"
EndProject
Global
	GlobalSection(SolutionConfigurationPlatforms) = preSolution
		Debug|Any CPU = Debug|Any CPU
		Release|Any CPU = Release|Any CPU
	EndGlobalSection
	GlobalSection(SolutionProperties) = preSolution
		HideSolutionNode = FALSE
	EndGlobalSection
	GlobalSection(ProjectConfigurationPlatforms) = postSolution
		{255617B1-3D49-4F3E-A03A-4D9D06080528}.Debug|Any CPU.ActiveCfg = Debug|Any CPU
		{255617B1-3D49-4F3E-A03A-4D9D06080528}.Debug|Any CPU.Build.0 = Debug|Any CPU
		{255617B1-3D49-4F3E-A03A-4D9D06080528}.Release|Any CPU.ActiveCfg = Release|Any CPU
		{255617B1-3D49-4F3E-A03A-4D9D06080528}.Release|Any CPU.Build.0 = Release|Any CPU
		{BEF167FB-92DC-4A1E-8482-93CB0F8566D9}.Debug|Any CPU.ActiveCfg = Debug|Any CPU
		{BEF167FB-92DC-4A1E-8482-93CB0F8566D9}.Debug|Any CPU.Build.0 = Debug|Any CPU
		{BEF167FB-92DC-4A1E-8482-93CB0F8566D9}.Release|Any CPU.ActiveCfg = Release|Any CPU
		{BEF167FB-92DC-4A1E-8482-93CB0F8566D9}.Release|Any CPU.Build.0 = Release|Any CPU
		{C60C05A9-09E2-4123-897C-9F0BA3EAA83E}.Debug|Any CPU.ActiveCfg = Debug|Any CPU
		{C60C05A9-09E2-4123-897C-9F0BA3EAA83E}.Debug|Any CPU.Build.0 = Debug|Any CPU
		{C60C05A9-09E2-4123-897C-9F0BA3EAA83E}.Release|Any CPU.ActiveCfg = Release|Any CPU
		{C60C05A9-09E2-4123-897C-9F0BA3EAA83E}.Release|Any CPU.Build.0 = Release|Any CPU
		{18F54A30-FF98-435E-982E-3C4A21ABF5C7}.Debug|Any CPU.ActiveCfg = Debug|Any CPU
		{18F54A30-FF98-435E-982E-3C4A21ABF5C7}.Debug|Any CPU.Build.0 = Debug|Any CPU
		{18F54A30-FF98-435E-982E-3C4A21ABF5C7}.Release|Any CPU.ActiveCfg = Release|Any CPU
		{18F54A30-FF98-435E-982E-3C4A21ABF5C7}.Release|Any CPU.Build.0 = Release|Any CPU
		{0BE41AA5-4868-417E-83FC-8D863391BCD7}.Debug|Any CPU.ActiveCfg = Debug|Any CPU
		{0BE41AA5-4868-417E-83FC-8D863391BCD7}.Debug|Any CPU.Build.0 = Debug|Any CPU
		{0BE41AA5-4868-417E-83FC-8D863391BCD7}.Release|Any CPU.ActiveCfg = Release|Any CPU
		{0BE41AA5-4868-417E-83FC-8D863391BCD7}.Release|Any CPU.Build.0 = Release|Any CPU
		{118B086B-977C-4F6E-AFEE-DD15EDA78F28}.Debug|Any CPU.ActiveCfg = Debug|Any CPU
		{118B086B-977C-4F6E-AFEE-DD15EDA78F28}.Debug|Any CPU.Build.0 = Debug|Any CPU
		{118B086B-977C-4F6E-AFEE-DD15EDA78F28}.Release|Any CPU.ActiveCfg = Release|Any CPU
		{118B086B-977C-4F6E-AFEE-DD15EDA78F28}.Release|Any CPU.Build.0 = Release|Any CPU
		{412F48FF-8BE7-4290-B2C2-D0A8C21720D2}.Debug|Any CPU.ActiveCfg = Debug|Any CPU
		{412F48FF-8BE7-4290-B2C2-D0A8C21720D2}.Debug|Any CPU.Build.0 = Debug|Any CPU
		{412F48FF-8BE7-4290-B2C2-D0A8C21720D2}.Release|Any CPU.ActiveCfg = Release|Any CPU
		{412F48FF-8BE7-4290-B2C2-D0A8C21720D2}.Release|Any CPU.Build.0 = Release|Any CPU
	EndGlobalSection
	GlobalSection(NestedProjects) = preSolution
		{410D1DC9-1D2C-4F10-BFC6-8936ABE015F6} = {0115D210-9520-462E-B47C-111C1C9A75DF}
		{255617B1-3D49-4F3E-A03A-4D9D06080528} = {410D1DC9-1D2C-4F10-BFC6-8936ABE015F6}
		{BEF167FB-92DC-4A1E-8482-93CB0F8566D9} = {410D1DC9-1D2C-4F10-BFC6-8936ABE015F6}
		{4B9FE393-8B1D-4DE1-9826-20D2128EAE57} = {0115D210-9520-462E-B47C-111C1C9A75DF}
		{C60C05A9-09E2-4123-897C-9F0BA3EAA83E} = {4B9FE393-8B1D-4DE1-9826-20D2128EAE57}
		{78FEA480-88FB-412A-977A-E0648E1351FD} = {0115D210-9520-462E-B47C-111C1C9A75DF}
		{18F54A30-FF98-435E-982E-3C4A21ABF5C7} = {78FEA480-88FB-412A-977A-E0648E1351FD}
		{0BE41AA5-4868-417E-83FC-8D863391BCD7} = {78FEA480-88FB-412A-977A-E0648E1351FD}
		{A6381C6B-0B92-4528-AE94-0FE82492DAA9} = {4B9FE393-8B1D-4DE1-9826-20D2128EAE57}
		{118B086B-977C-4F6E-AFEE-DD15EDA78F28} = {A6381C6B-0B92-4528-AE94-0FE82492DAA9}
		{412F48FF-8BE7-4290-B2C2-D0A8C21720D2} = {4B9FE393-8B1D-4DE1-9826-20D2128EAE57}
	EndGlobalSection
EndGlobal
