
Microsoft Visual Studio Solution File, Format Version 12.00
# Visual Studio Version 17
VisualStudioVersion = 17.0.31903.59
MinimumVisualStudioVersion = 10.0.40219.1
Project("{2150E333-8FDC-42A3-9474-1A3956D46DE8}") = "src", "src", "{7331E8B1-4586-4D3B-976B-08DA05DAF145}"
EndProject
Project("{2150E333-8FDC-42A3-9474-1A3956D46DE8}") = "Apps", "Apps", "{E22356A9-B723-46AB-8AA9-AC711A370013}"
EndProject
Project("{9A19103F-16F7-4668-BE54-9A1E7A4F7556}") = "CqrsProject.App.DbMigrator", "src\Apps\CqrsProject.App.DbMigrator\CqrsProject.App.DbMigrator.csproj", "{08760A24-30D9-42A0-AF6B-91C075B1FF29}"
EndProject
Project("{9A19103F-16F7-4668-BE54-9A1E7A4F7556}") = "CqrsProject.App.RestServer", "src\Apps\CqrsProject.App.RestServer\CqrsProject.App.RestServer.csproj", "{96CA22D3-996C-49E0-802A-A5D7351B2A5F}"
EndProject
Project("{2150E333-8FDC-42A3-9474-1A3956D46DE8}") = "Core", "Core", "{000935B1-86E4-4891-BB97-372AFD8283C3}"
EndProject
Project("{9A19103F-16F7-4668-BE54-9A1E7A4F7556}") = "CqrsProject.Common", "src\Core\CqrsProject.Common\CqrsProject.Common.csproj", "{E9C72F65-6F42-4E73-B7FB-DD92ADC046C3}"
EndProject
Project("{9A19103F-16F7-4668-BE54-9A1E7A4F7556}") = "CqrsProject.Core", "src\Core\CqrsProject.Core\CqrsProject.Core.csproj", "{73392135-4842-4E69-B5E8-E90D7A009B6C}"
EndProject
Project("{2150E333-8FDC-42A3-9474-1A3956D46DE8}") = "Providers", "Providers", "{28B095E8-BBD5-4600-9962-0656CA5E7AEB}"
EndProject
Project("{9A19103F-16F7-4668-BE54-9A1E7A4F7556}") = "CqrsProject.Auth0", "src\Providers\CqrsProject.Auth0\CqrsProject.Auth0.csproj", "{B5491F30-EE1B-49FD-BCAE-0DD2BB644813}"
EndProject
Project("{9A19103F-16F7-4668-BE54-9A1E7A4F7556}") = "CqrsProject.CustomResourceWriter", "src\Providers\CqrsProject.CustomResourceWriter\CqrsProject.CustomResourceWriter.csproj", "{1E1393FD-1A38-45DD-8198-646E1BB433C4}"
EndProject
Project("{9A19103F-16F7-4668-BE54-9A1E7A4F7556}") = "CqrsProject.Postgres", "src\Providers\CqrsProject.Postgres\CqrsProject.Postgres.csproj", "{1E0E2F68-D9BB-4FA3-950B-F0622CF4996C}"
EndProject
Project("{9A19103F-16F7-4668-BE54-9A1E7A4F7556}") = "CqrsProject.CustomConsoleFormatter", "src\Providers\CqrsProject.CustomConsoleFormatter\CqrsProject.CustomConsoleFormatter.csproj", "{CFC00D1B-16BA-440F-A90D-7A1294B54C73}"
EndProject
Project("{FAE04EC0-301F-11D3-BF4B-00C04F79EFBC}") = "CqrsProject.CustomStringLocalizer", "src\Providers\CqrsProject.CustomStringLocalizer\CqrsProject.CustomStringLocalizer.csproj", "{7258BDAA-BB3A-491A-BE58-288E430955B9}"
EndProject
Project("{FAE04EC0-301F-11D3-BF4B-00C04F79EFBC}") = "CqrsProject.OpenTelemetry", "src\Providers\CqrsProject.OpenTelemetry\CqrsProject.OpenTelemetry.csproj", "{14394CEE-2273-4560-B6F7-9B7611C892EB}"
EndProject
Project("{FAE04EC0-301F-11D3-BF4B-00C04F79EFBC}") = "CqrsProject.CustomCacheService", "src\Providers\CqrsProject.CustomCacheService\CqrsProject.CustomCacheService.csproj", "{BEFA81C4-2E71-420A-B113-E0284C1CA02F}"
EndProject
Project("{2150E333-8FDC-42A3-9474-1A3956D46DE8}") = "tests", "tests", "{80868BDD-1A85-4CD3-8031-8803DA7C0BF3}"
EndProject
Project("{2150E333-8FDC-42A3-9474-1A3956D46DE8}") = "Apps", "Apps", "{B3F011D9-F48F-4DD1-BAC4-8E5EE3E6F5F2}"
EndProject
Project("{FAE04EC0-301F-11D3-BF4B-00C04F79EFBC}") = "CqrsProject.App.DbMigratorTest", "tests\Apps\CqrsProject.App.DbMigratorTest\CqrsProject.App.DbMigratorTest.csproj", "{D3D56679-0EA8-43BA-90B3-3467F4792F00}"
EndProject
Global
	GlobalSection(SolutionConfigurationPlatforms) = preSolution
		Debug|Any CPU = Debug|Any CPU
		Release|Any CPU = Release|Any CPU
	EndGlobalSection
	GlobalSection(SolutionProperties) = preSolution
		HideSolutionNode = FALSE
	EndGlobalSection
	GlobalSection(ProjectConfigurationPlatforms) = postSolution
		{08760A24-30D9-42A0-AF6B-91C075B1FF29}.Debug|Any CPU.ActiveCfg = Debug|Any CPU
		{08760A24-30D9-42A0-AF6B-91C075B1FF29}.Debug|Any CPU.Build.0 = Debug|Any CPU
		{08760A24-30D9-42A0-AF6B-91C075B1FF29}.Release|Any CPU.ActiveCfg = Release|Any CPU
		{08760A24-30D9-42A0-AF6B-91C075B1FF29}.Release|Any CPU.Build.0 = Release|Any CPU
		{96CA22D3-996C-49E0-802A-A5D7351B2A5F}.Debug|Any CPU.ActiveCfg = Debug|Any CPU
		{96CA22D3-996C-49E0-802A-A5D7351B2A5F}.Debug|Any CPU.Build.0 = Debug|Any CPU
		{96CA22D3-996C-49E0-802A-A5D7351B2A5F}.Release|Any CPU.ActiveCfg = Release|Any CPU
		{96CA22D3-996C-49E0-802A-A5D7351B2A5F}.Release|Any CPU.Build.0 = Release|Any CPU
		{E9C72F65-6F42-4E73-B7FB-DD92ADC046C3}.Debug|Any CPU.ActiveCfg = Debug|Any CPU
		{E9C72F65-6F42-4E73-B7FB-DD92ADC046C3}.Debug|Any CPU.Build.0 = Debug|Any CPU
		{E9C72F65-6F42-4E73-B7FB-DD92ADC046C3}.Release|Any CPU.ActiveCfg = Release|Any CPU
		{E9C72F65-6F42-4E73-B7FB-DD92ADC046C3}.Release|Any CPU.Build.0 = Release|Any CPU
		{73392135-4842-4E69-B5E8-E90D7A009B6C}.Debug|Any CPU.ActiveCfg = Debug|Any CPU
		{73392135-4842-4E69-B5E8-E90D7A009B6C}.Debug|Any CPU.Build.0 = Debug|Any CPU
		{73392135-4842-4E69-B5E8-E90D7A009B6C}.Release|Any CPU.ActiveCfg = Release|Any CPU
		{73392135-4842-4E69-B5E8-E90D7A009B6C}.Release|Any CPU.Build.0 = Release|Any CPU
		{B5491F30-EE1B-49FD-BCAE-0DD2BB644813}.Debug|Any CPU.ActiveCfg = Debug|Any CPU
		{B5491F30-EE1B-49FD-BCAE-0DD2BB644813}.Debug|Any CPU.Build.0 = Debug|Any CPU
		{B5491F30-EE1B-49FD-BCAE-0DD2BB644813}.Release|Any CPU.ActiveCfg = Release|Any CPU
		{B5491F30-EE1B-49FD-BCAE-0DD2BB644813}.Release|Any CPU.Build.0 = Release|Any CPU
		{1E1393FD-1A38-45DD-8198-646E1BB433C4}.Debug|Any CPU.ActiveCfg = Debug|Any CPU
		{1E1393FD-1A38-45DD-8198-646E1BB433C4}.Debug|Any CPU.Build.0 = Debug|Any CPU
		{1E1393FD-1A38-45DD-8198-646E1BB433C4}.Release|Any CPU.ActiveCfg = Release|Any CPU
		{1E1393FD-1A38-45DD-8198-646E1BB433C4}.Release|Any CPU.Build.0 = Release|Any CPU
		{1E0E2F68-D9BB-4FA3-950B-F0622CF4996C}.Debug|Any CPU.ActiveCfg = Debug|Any CPU
		{1E0E2F68-D9BB-4FA3-950B-F0622CF4996C}.Debug|Any CPU.Build.0 = Debug|Any CPU
		{1E0E2F68-D9BB-4FA3-950B-F0622CF4996C}.Release|Any CPU.ActiveCfg = Release|Any CPU
		{1E0E2F68-D9BB-4FA3-950B-F0622CF4996C}.Release|Any CPU.Build.0 = Release|Any CPU
		{CFC00D1B-16BA-440F-A90D-7A1294B54C73}.Debug|Any CPU.ActiveCfg = Debug|Any CPU
		{CFC00D1B-16BA-440F-A90D-7A1294B54C73}.Debug|Any CPU.Build.0 = Debug|Any CPU
		{CFC00D1B-16BA-440F-A90D-7A1294B54C73}.Release|Any CPU.ActiveCfg = Release|Any CPU
		{CFC00D1B-16BA-440F-A90D-7A1294B54C73}.Release|Any CPU.Build.0 = Release|Any CPU
		{7258BDAA-BB3A-491A-BE58-288E430955B9}.Debug|Any CPU.ActiveCfg = Debug|Any CPU
		{7258BDAA-BB3A-491A-BE58-288E430955B9}.Debug|Any CPU.Build.0 = Debug|Any CPU
		{7258BDAA-BB3A-491A-BE58-288E430955B9}.Release|Any CPU.ActiveCfg = Release|Any CPU
		{7258BDAA-BB3A-491A-BE58-288E430955B9}.Release|Any CPU.Build.0 = Release|Any CPU
		{14394CEE-2273-4560-B6F7-9B7611C892EB}.Debug|Any CPU.ActiveCfg = Debug|Any CPU
		{14394CEE-2273-4560-B6F7-9B7611C892EB}.Debug|Any CPU.Build.0 = Debug|Any CPU
		{14394CEE-2273-4560-B6F7-9B7611C892EB}.Release|Any CPU.ActiveCfg = Release|Any CPU
		{14394CEE-2273-4560-B6F7-9B7611C892EB}.Release|Any CPU.Build.0 = Release|Any CPU
		{BEFA81C4-2E71-420A-B113-E0284C1CA02F}.Debug|Any CPU.ActiveCfg = Debug|Any CPU
		{BEFA81C4-2E71-420A-B113-E0284C1CA02F}.Debug|Any CPU.Build.0 = Debug|Any CPU
		{BEFA81C4-2E71-420A-B113-E0284C1CA02F}.Release|Any CPU.ActiveCfg = Release|Any CPU
		{BEFA81C4-2E71-420A-B113-E0284C1CA02F}.Release|Any CPU.Build.0 = Release|Any CPU
		{D3D56679-0EA8-43BA-90B3-3467F4792F00}.Debug|Any CPU.ActiveCfg = Debug|Any CPU
		{D3D56679-0EA8-43BA-90B3-3467F4792F00}.Debug|Any CPU.Build.0 = Debug|Any CPU
		{D3D56679-0EA8-43BA-90B3-3467F4792F00}.Release|Any CPU.ActiveCfg = Release|Any CPU
		{D3D56679-0EA8-43BA-90B3-3467F4792F00}.Release|Any CPU.Build.0 = Release|Any CPU
	EndGlobalSection
	GlobalSection(NestedProjects) = preSolution
		{E22356A9-B723-46AB-8AA9-AC711A370013} = {7331E8B1-4586-4D3B-976B-08DA05DAF145}
		{08760A24-30D9-42A0-AF6B-91C075B1FF29} = {E22356A9-B723-46AB-8AA9-AC711A370013}
		{96CA22D3-996C-49E0-802A-A5D7351B2A5F} = {E22356A9-B723-46AB-8AA9-AC711A370013}
		{000935B1-86E4-4891-BB97-372AFD8283C3} = {7331E8B1-4586-4D3B-976B-08DA05DAF145}
		{E9C72F65-6F42-4E73-B7FB-DD92ADC046C3} = {000935B1-86E4-4891-BB97-372AFD8283C3}
		{73392135-4842-4E69-B5E8-E90D7A009B6C} = {000935B1-86E4-4891-BB97-372AFD8283C3}
		{28B095E8-BBD5-4600-9962-0656CA5E7AEB} = {7331E8B1-4586-4D3B-976B-08DA05DAF145}
		{B5491F30-EE1B-49FD-BCAE-0DD2BB644813} = {28B095E8-BBD5-4600-9962-0656CA5E7AEB}
		{1E1393FD-1A38-45DD-8198-646E1BB433C4} = {28B095E8-BBD5-4600-9962-0656CA5E7AEB}
		{1E0E2F68-D9BB-4FA3-950B-F0622CF4996C} = {28B095E8-BBD5-4600-9962-0656CA5E7AEB}
		{CFC00D1B-16BA-440F-A90D-7A1294B54C73} = {28B095E8-BBD5-4600-9962-0656CA5E7AEB}
		{7258BDAA-BB3A-491A-BE58-288E430955B9} = {28B095E8-BBD5-4600-9962-0656CA5E7AEB}
		{14394CEE-2273-4560-B6F7-9B7611C892EB} = {28B095E8-BBD5-4600-9962-0656CA5E7AEB}
		{BEFA81C4-2E71-420A-B113-E0284C1CA02F} = {28B095E8-BBD5-4600-9962-0656CA5E7AEB}
		{B3F011D9-F48F-4DD1-BAC4-8E5EE3E6F5F2} = {80868BDD-1A85-4CD3-8031-8803DA7C0BF3}
		{D3D56679-0EA8-43BA-90B3-3467F4792F00} = {B3F011D9-F48F-4DD1-BAC4-8E5EE3E6F5F2}
	EndGlobalSection
EndGlobal
